{
  "name": "tab-switch",
  "version": "0.1.0",
  "lockfileVersion": 1,
  "requires": true,
  "dependencies": {
    "@fortawesome/fontawesome-common-types": {
      "version": "0.2.6",
      "resolved": "http://registry.npm.taobao.org/@fortawesome/fontawesome-common-types/download/@fortawesome/fontawesome-common-types-0.2.6.tgz",
      "integrity": "sha1-Pya50b8tBX3+D0SP5KLDclCOl/A="
    },
    "@fortawesome/free-brands-svg-icons": {
      "version": "5.4.1",
      "resolved": "http://registry.npm.taobao.org/@fortawesome/free-brands-svg-icons/download/@fortawesome/free-brands-svg-icons-5.4.1.tgz",
      "integrity": "sha1-fGj3uv9HZKjjjmKJI3LEuFxw23k=",
      "requires": {
        "@fortawesome/fontawesome-common-types": "0.2.6"
      }
    },
    "@fortawesome/free-regular-svg-icons": {
      "version": "5.4.1",
      "resolved": "http://registry.npm.taobao.org/@fortawesome/free-regular-svg-icons/download/@fortawesome/free-regular-svg-icons-5.4.1.tgz",
      "integrity": "sha1-UNzafgOCr5riUIsjIub4LSqf1Do=",
      "requires": {
        "@fortawesome/fontawesome-common-types": "0.2.6"
      }
    }
  }
}
